
Microsoft Visual Studio Solution File, Format Version 12.00
# Visual Studio Version 16
VisualStudioVersion = 16.0.30413.136
MinimumVisualStudioVersion = 10.0.40219.1
Project("{FAE04EC0-301F-11D3-BF4B-00C04F79EFBC}") = "MIS4200Murray", "MIS4200Murray.csproj", "{2F67720E-3CD3-4102-8FC8-34204D80A721}"
EndProject
Global
	GlobalSection(SolutionConfigurationPlatforms) = preSolution
		Debug|Any CPU = Debug|Any CPU
		Release|Any CPU = Release|Any CPU
	EndGlobalSection
	GlobalSection(ProjectConfigurationPlatforms) = postSolution
		{2F67720E-3CD3-4102-8FC8-34204D80A721}.Debug|Any CPU.ActiveCfg = Debug|Any CPU
		{2F67720E-3CD3-4102-8FC8-34204D80A721}.Debug|Any CPU.Build.0 = Debug|Any CPU
		{2F67720E-3CD3-4102-8FC8-34204D80A721}.Release|Any CPU.ActiveCfg = Release|Any CPU
		{2F67720E-3CD3-4102-8FC8-34204D80A721}.Release|Any CPU.Build.0 = Release|Any CPU
	EndGlobalSection
	GlobalSection(SolutionProperties) = preSolution
		HideSolutionNode = FALSE
	EndGlobalSection
	GlobalSection(ExtensibilityGlobals) = postSolution
		SolutionGuid = {2DB9FED9-22B2-4623-BD0A-B0A820CA28ED}
	EndGlobalSection
EndGlobal
